
Microsoft Visual Studio Solution File, Format Version 12.00
# Visual Studio Version 17
VisualStudioVersion = 17.0.32002.185
MinimumVisualStudioVersion = 10.0.40219.1
Project("{9A19103F-16F7-4668-BE54-9A1E7A4F7556}") = "SakhCubaAPI", "SakhCubaAPI\SakhCubaAPI.csproj", "{933489DF-0426-4A30-84D3-1603373A26DD}"
EndProject
Project("{FAE04EC0-301F-11D3-BF4B-00C04F79EFBC}") = "Entities", "Entities\Entities.csproj", "{28371524-CF66-45C6-B270-361A88DB34FD}"
EndProject
Project("{FAE04EC0-301F-11D3-BF4B-00C04F79EFBC}") = "Contracts", "Contracts\Contracts.csproj", "{EE764D39-4A5B-4224-86FB-0214C211E709}"
EndProject
Project("{FAE04EC0-301F-11D3-BF4B-00C04F79EFBC}") = "Repository", "Repository\Repository.csproj", "{397A1AA0-6DF3-4BCB-A494-BD519167321D}"
EndProject
Global
	GlobalSection(SolutionConfigurationPlatforms) = preSolution
		Debug|Any CPU = Debug|Any CPU
		Release|Any CPU = Release|Any CPU
	EndGlobalSection
	GlobalSection(ProjectConfigurationPlatforms) = postSolution
		{933489DF-0426-4A30-84D3-1603373A26DD}.Debug|Any CPU.ActiveCfg = Debug|Any CPU
		{933489DF-0426-4A30-84D3-1603373A26DD}.Debug|Any CPU.Build.0 = Debug|Any CPU
		{933489DF-0426-4A30-84D3-1603373A26DD}.Release|Any CPU.ActiveCfg = Release|Any CPU
		{933489DF-0426-4A30-84D3-1603373A26DD}.Release|Any CPU.Build.0 = Release|Any CPU
		{28371524-CF66-45C6-B270-361A88DB34FD}.Debug|Any CPU.ActiveCfg = Debug|Any CPU
		{28371524-CF66-45C6-B270-361A88DB34FD}.Debug|Any CPU.Build.0 = Debug|Any CPU
		{28371524-CF66-45C6-B270-361A88DB34FD}.Release|Any CPU.ActiveCfg = Release|Any CPU
		{28371524-CF66-45C6-B270-361A88DB34FD}.Release|Any CPU.Build.0 = Release|Any CPU
		{EE764D39-4A5B-4224-86FB-0214C211E709}.Debug|Any CPU.ActiveCfg = Debug|Any CPU
		{EE764D39-4A5B-4224-86FB-0214C211E709}.Debug|Any CPU.Build.0 = Debug|Any CPU
		{EE764D39-4A5B-4224-86FB-0214C211E709}.Release|Any CPU.ActiveCfg = Release|Any CPU
		{EE764D39-4A5B-4224-86FB-0214C211E709}.Release|Any CPU.Build.0 = Release|Any CPU
		{397A1AA0-6DF3-4BCB-A494-BD519167321D}.Debug|Any CPU.ActiveCfg = Debug|Any CPU
		{397A1AA0-6DF3-4BCB-A494-BD519167321D}.Debug|Any CPU.Build.0 = Debug|Any CPU
		{397A1AA0-6DF3-4BCB-A494-BD519167321D}.Release|Any CPU.ActiveCfg = Release|Any CPU
		{397A1AA0-6DF3-4BCB-A494-BD519167321D}.Release|Any CPU.Build.0 = Release|Any CPU
	EndGlobalSection
	GlobalSection(SolutionProperties) = preSolution
		HideSolutionNode = FALSE
	EndGlobalSection
	GlobalSection(ExtensibilityGlobals) = postSolution
		SolutionGuid = {87E90D56-BE6F-4C7F-8F97-B67B8C7043E1}
	EndGlobalSection
EndGlobal
